
Microsoft Visual Studio Solution File, Format Version 12.00
# Visual Studio 15
VisualStudioVersion = 15.0.28307.1585
MinimumVisualStudioVersion = 10.0.40219.1
Project("{FAE04EC0-301F-11D3-BF4B-00C04F79EFBC}") = "TP06_200581", "TP06_200581\TP06_200581.csproj", "{4076B961-4899-4CCC-9D0B-AE703F3E12BF}"
EndProject
Global
	GlobalSection(SolutionConfigurationPlatforms) = preSolution
		Debug|Any CPU = Debug|Any CPU
		Release|Any CPU = Release|Any CPU
	EndGlobalSection
	GlobalSection(ProjectConfigurationPlatforms) = postSolution
		{4076B961-4899-4CCC-9D0B-AE703F3E12BF}.Debug|Any CPU.ActiveCfg = Debug|Any CPU
		{4076B961-4899-4CCC-9D0B-AE703F3E12BF}.Debug|Any CPU.Build.0 = Debug|Any CPU
		{4076B961-4899-4CCC-9D0B-AE703F3E12BF}.Release|Any CPU.ActiveCfg = Release|Any CPU
		{4076B961-4899-4CCC-9D0B-AE703F3E12BF}.Release|Any CPU.Build.0 = Release|Any CPU
	EndGlobalSection
	GlobalSection(SolutionProperties) = preSolution
		HideSolutionNode = FALSE
	EndGlobalSection
	GlobalSection(ExtensibilityGlobals) = postSolution
		SolutionGuid = {14E3DDF3-5722-4012-9402-BB6D55BD0D9F}
	EndGlobalSection
EndGlobal
